
Microsoft Visual Studio Solution File, Format Version 12.00
# Visual Studio 14
VisualStudioVersion = 14.0.25420.1
MinimumVisualStudioVersion = 10.0.40219.1
Project("{FAE04EC0-301F-11D3-BF4B-00C04F79EFBC}") = "WQMServer", "WQMServer\WQMServer.csproj", "{97C721E9-BFF0-4273-9EDE-782F4894CBA1}"
	ProjectSection(ProjectDependencies) = postProject
		{E434D27E-F6E9-4C17-A6F0-2F6425CC926D} = {E434D27E-F6E9-4C17-A6F0-2F6425CC926D}
	EndProjectSection
EndProject
Project("{FAE04EC0-301F-11D3-BF4B-00C04F79EFBC}") = "HJ212", "HJ212\HJ212.csproj", "{E434D27E-F6E9-4C17-A6F0-2F6425CC926D}"
	ProjectSection(ProjectDependencies) = postProject
		{B3B062C3-1D56-4521-BE39-E9A037BB67E2} = {B3B062C3-1D56-4521-BE39-E9A037BB67E2}
	EndProjectSection
EndProject
Project("{FAE04EC0-301F-11D3-BF4B-00C04F79EFBC}") = "IO", "IO\IO.csproj", "{B3B062C3-1D56-4521-BE39-E9A037BB67E2}"
EndProject
Project("{FAE04EC0-301F-11D3-BF4B-00C04F79EFBC}") = "HJ212FieldTest", "HJ212FieldTest\HJ212FieldTest.csproj", "{74DABAFE-8096-4A96-8DCB-8D81D025450A}"
EndProject
Global
	GlobalSection(SolutionConfigurationPlatforms) = preSolution
		Debug|Any CPU = Debug|Any CPU
		Release|Any CPU = Release|Any CPU
	EndGlobalSection
	GlobalSection(ProjectConfigurationPlatforms) = postSolution
		{97C721E9-BFF0-4273-9EDE-782F4894CBA1}.Debug|Any CPU.ActiveCfg = Debug|Any CPU
		{97C721E9-BFF0-4273-9EDE-782F4894CBA1}.Debug|Any CPU.Build.0 = Debug|Any CPU
		{97C721E9-BFF0-4273-9EDE-782F4894CBA1}.Release|Any CPU.ActiveCfg = Release|Any CPU
		{97C721E9-BFF0-4273-9EDE-782F4894CBA1}.Release|Any CPU.Build.0 = Release|Any CPU
		{E434D27E-F6E9-4C17-A6F0-2F6425CC926D}.Debug|Any CPU.ActiveCfg = Debug|Any CPU
		{E434D27E-F6E9-4C17-A6F0-2F6425CC926D}.Debug|Any CPU.Build.0 = Debug|Any CPU
		{E434D27E-F6E9-4C17-A6F0-2F6425CC926D}.Release|Any CPU.ActiveCfg = Release|Any CPU
		{E434D27E-F6E9-4C17-A6F0-2F6425CC926D}.Release|Any CPU.Build.0 = Release|Any CPU
		{B3B062C3-1D56-4521-BE39-E9A037BB67E2}.Debug|Any CPU.ActiveCfg = Debug|Any CPU
		{B3B062C3-1D56-4521-BE39-E9A037BB67E2}.Debug|Any CPU.Build.0 = Debug|Any CPU
		{B3B062C3-1D56-4521-BE39-E9A037BB67E2}.Release|Any CPU.ActiveCfg = Release|Any CPU
		{B3B062C3-1D56-4521-BE39-E9A037BB67E2}.Release|Any CPU.Build.0 = Release|Any CPU
		{74DABAFE-8096-4A96-8DCB-8D81D025450A}.Debug|Any CPU.ActiveCfg = Debug|Any CPU
		{74DABAFE-8096-4A96-8DCB-8D81D025450A}.Debug|Any CPU.Build.0 = Debug|Any CPU
		{74DABAFE-8096-4A96-8DCB-8D81D025450A}.Release|Any CPU.ActiveCfg = Release|Any CPU
		{74DABAFE-8096-4A96-8DCB-8D81D025450A}.Release|Any CPU.Build.0 = Release|Any CPU
	EndGlobalSection
	GlobalSection(SolutionProperties) = preSolution
		HideSolutionNode = FALSE
	EndGlobalSection
EndGlobal
